// !$*UTF8*$!
{
	archiveVersion = 1;
	classes = {
	};
	objectVersion = 46;
	objects = {

/* Begin PBXBuildFile section */
		AF7CC3981EB941C500D2B3B5 /* ReservationInfoVC.swift in Sources */ = {isa = PBXBuildFile; fileRef = AF7CC3971EB941C500D2B3B5 /* ReservationInfoVC.swift */; };
		AF92FBF71EB6952400D611DB /* AppDelegate.swift in Sources */ = {isa = PBXBuildFile; fileRef = AF92FBF61EB6952400D611DB /* AppDelegate.swift */; };
		AF92FBFC1EB6952400D611DB /* Main.storyboard in Resources */ = {isa = PBXBuildFile; fileRef = AF92FBFA1EB6952400D611DB /* Main.storyboard */; };
		AF92FBFF1EB6952400D611DB /* Omo_Hub.xcdatamodeld in Sources */ = {isa = PBXBuildFile; fileRef = AF92FBFD1EB6952400D611DB /* Omo_Hub.xcdatamodeld */; };
		AF92FC011EB6952400D611DB /* Assets.xcassets in Resources */ = {isa = PBXBuildFile; fileRef = AF92FC001EB6952400D611DB /* Assets.xcassets */; };
		AF92FC041EB6952400D611DB /* LaunchScreen.storyboard in Resources */ = {isa = PBXBuildFile; fileRef = AF92FC021EB6952400D611DB /* LaunchScreen.storyboard */; };
		AF92FC0C1EB6957400D611DB /* SignInVC.swift in Sources */ = {isa = PBXBuildFile; fileRef = AF92FC0B1EB6957400D611DB /* SignInVC.swift */; };
		AF92FC0E1EB69C6E00D611DB /* kitchenhub.jpg in Resources */ = {isa = PBXBuildFile; fileRef = AF92FC0D1EB69C6E00D611DB /* kitchenhub.jpg */; };
		AF92FC101EB69DA400D611DB /* MainVC.swift in Sources */ = {isa = PBXBuildFile; fileRef = AF92FC0F1EB69DA400D611DB /* MainVC.swift */; };
		AF92FC131EB6A60900D611DB /* ReservationsCell.swift in Sources */ = {isa = PBXBuildFile; fileRef = AF92FC111EB6A60900D611DB /* ReservationsCell.swift */; };
		AF92FC141EB6A60900D611DB /* ReservationsCell.xib in Resources */ = {isa = PBXBuildFile; fileRef = AF92FC121EB6A60900D611DB /* ReservationsCell.xib */; };
		AF92FC191EB7AFD100D611DB /* CustomCell.swift in Sources */ = {isa = PBXBuildFile; fileRef = AF92FC171EB7AFD100D611DB /* CustomCell.swift */; };
		AF92FC1A1EB7AFD100D611DB /* CustomCell.xib in Resources */ = {isa = PBXBuildFile; fileRef = AF92FC181EB7AFD100D611DB /* CustomCell.xib */; };
		AF92FC1D1EB7C50D00D611DB /* MainRightVC.swift in Sources */ = {isa = PBXBuildFile; fileRef = AF92FC1C1EB7C50D00D611DB /* MainRightVC.swift */; };
		AF92FC1F1EB879F600D611DB /* SettingsVC.swift in Sources */ = {isa = PBXBuildFile; fileRef = AF92FC1E1EB879F600D611DB /* SettingsVC.swift */; };
		AF92FC221EB87AC000D611DB /* HeaderCell.swift in Sources */ = {isa = PBXBuildFile; fileRef = AF92FC201EB87AC000D611DB /* HeaderCell.swift */; };
		AF92FC231EB87AC000D611DB /* HeaderCell.xib in Resources */ = {isa = PBXBuildFile; fileRef = AF92FC211EB87AC000D611DB /* HeaderCell.xib */; };
		AF92FC251EB87E3D00D611DB /* test.jpg in Resources */ = {isa = PBXBuildFile; fileRef = AF92FC241EB87E3D00D611DB /* test.jpg */; };
		AF92FC281EB8873100D611DB /* AboutCell.swift in Sources */ = {isa = PBXBuildFile; fileRef = AF92FC261EB8873100D611DB /* AboutCell.swift */; };
		AF92FC291EB8873100D611DB /* AboutCell.xib in Resources */ = {isa = PBXBuildFile; fileRef = AF92FC271EB8873100D611DB /* AboutCell.xib */; };
		AF92FC2D1EB88BFB00D611DB /* AddressCell.swift in Sources */ = {isa = PBXBuildFile; fileRef = AF92FC2B1EB88BFB00D611DB /* AddressCell.swift */; };
		AF92FC2E1EB88BFB00D611DB /* AddressCell.xib in Resources */ = {isa = PBXBuildFile; fileRef = AF92FC2C1EB88BFB00D611DB /* AddressCell.xib */; };
		AF92FC311EB891DC00D611DB /* PhoneCell.swift in Sources */ = {isa = PBXBuildFile; fileRef = AF92FC2F1EB891DC00D611DB /* PhoneCell.swift */; };
		AF92FC321EB891DC00D611DB /* PhoneCell.xib in Resources */ = {isa = PBXBuildFile; fileRef = AF92FC301EB891DC00D611DB /* PhoneCell.xib */; };
		AF92FC351EB895A000D611DB /* MinimumCell.swift in Sources */ = {isa = PBXBuildFile; fileRef = AF92FC331EB895A000D611DB /* MinimumCell.swift */; };
		AF92FC361EB895A000D611DB /* MinimumCell.xib in Resources */ = {isa = PBXBuildFile; fileRef = AF92FC341EB895A000D611DB /* MinimumCell.xib */; };
		AF92FC391EB89A5400D611DB /* HoursCell.swift in Sources */ = {isa = PBXBuildFile; fileRef = AF92FC371EB89A5400D611DB /* HoursCell.swift */; };
		AF92FC3A1EB89A5400D611DB /* HoursCell.xib in Resources */ = {isa = PBXBuildFile; fileRef = AF92FC381EB89A5400D611DB /* HoursCell.xib */; };
		AF92FC3D1EB89FBD00D611DB /* MenuCell.swift in Sources */ = {isa = PBXBuildFile; fileRef = AF92FC3B1EB89FBD00D611DB /* MenuCell.swift */; };
		AF92FC3E1EB89FBD00D611DB /* MenuCell.xib in Resources */ = {isa = PBXBuildFile; fileRef = AF92FC3C1EB89FBD00D611DB /* MenuCell.xib */; };
		AF92FC411EB8A16900D611DB /* TermsCell.swift in Sources */ = {isa = PBXBuildFile; fileRef = AF92FC3F1EB8A16900D611DB /* TermsCell.swift */; };
		AF92FC421EB8A16900D611DB /* TermsCell.xib in Resources */ = {isa = PBXBuildFile; fileRef = AF92FC401EB8A16900D611DB /* TermsCell.xib */; };
/* End PBXBuildFile section */

/* Begin PBXFileReference section */
		AF7CC3971EB941C500D2B3B5 /* ReservationInfoVC.swift */ = {isa = PBXFileReference; fileEncoding = 4; lastKnownFileType = sourcecode.swift; path = ReservationInfoVC.swift; sourceTree = "<group>"; };
		AF92FBF31EB6952400D611DB /* Omo Hub.app */ = {isa = PBXFileReference; explicitFileType = wrapper.application; includeInIndex = 0; path = "Omo Hub.app"; sourceTree = BUILT_PRODUCTS_DIR; };
		AF92FBF61EB6952400D611DB /* AppDelegate.swift */ = {isa = PBXFileReference; lastKnownFileType = sourcecode.swift; path = AppDelegate.swift; sourceTree = "<group>"; };
		AF92FBFB1EB6952400D611DB /* Base */ = {isa = PBXFileReference; lastKnownFileType = file.storyboard; name = Base; path = Base.lproj/Main.storyboard; sourceTree = "<group>"; };
		AF92FBFE1EB6952400D611DB /* Omo_Hub.xcdatamodel */ = {isa = PBXFileReference; lastKnownFileType = wrapper.xcdatamodel; path = Omo_Hub.xcdatamodel; sourceTree = "<group>"; };
		AF92FC001EB6952400D611DB /* Assets.xcassets */ = {isa = PBXFileReference; lastKnownFileType = folder.assetcatalog; path = Assets.xcassets; sourceTree = "<group>"; };
		AF92FC031EB6952400D611DB /* Base */ = {isa = PBXFileReference; lastKnownFileType = file.storyboard; name = Base; path = Base.lproj/LaunchScreen.storyboard; sourceTree = "<group>"; };
		AF92FC051EB6952400D611DB /* Info.plist */ = {isa = PBXFileReference; lastKnownFileType = text.plist.xml; path = Info.plist; sourceTree = "<group>"; };
		AF92FC0B1EB6957400D611DB /* SignInVC.swift */ = {isa = PBXFileReference; fileEncoding = 4; lastKnownFileType = sourcecode.swift; path = SignInVC.swift; sourceTree = "<group>"; };
		AF92FC0D1EB69C6E00D611DB /* kitchenhub.jpg */ = {isa = PBXFileReference; lastKnownFileType = image.jpeg; path = kitchenhub.jpg; sourceTree = "<group>"; };
		AF92FC0F1EB69DA400D611DB /* MainVC.swift */ = {isa = PBXFileReference; fileEncoding = 4; lastKnownFileType = sourcecode.swift; path = MainVC.swift; sourceTree = "<group>"; };
		AF92FC111EB6A60900D611DB /* ReservationsCell.swift */ = {isa = PBXFileReference; fileEncoding = 4; lastKnownFileType = sourcecode.swift; path = ReservationsCell.swift; sourceTree = "<group>"; };
		AF92FC121EB6A60900D611DB /* ReservationsCell.xib */ = {isa = PBXFileReference; fileEncoding = 4; lastKnownFileType = file.xib; path = ReservationsCell.xib; sourceTree = "<group>"; };
		AF92FC171EB7AFD100D611DB /* CustomCell.swift */ = {isa = PBXFileReference; fileEncoding = 4; lastKnownFileType = sourcecode.swift; path = CustomCell.swift; sourceTree = "<group>"; };
		AF92FC181EB7AFD100D611DB /* CustomCell.xib */ = {isa = PBXFileReference; fileEncoding = 4; lastKnownFileType = file.xib; path = CustomCell.xib; sourceTree = "<group>"; };
		AF92FC1C1EB7C50D00D611DB /* MainRightVC.swift */ = {isa = PBXFileReference; fileEncoding = 4; lastKnownFileType = sourcecode.swift; path = MainRightVC.swift; sourceTree = "<group>"; };
		AF92FC1E1EB879F600D611DB /* SettingsVC.swift */ = {isa = PBXFileReference; fileEncoding = 4; lastKnownFileType = sourcecode.swift; path = SettingsVC.swift; sourceTree = "<group>"; };
		AF92FC201EB87AC000D611DB /* HeaderCell.swift */ = {isa = PBXFileReference; fileEncoding = 4; lastKnownFileType = sourcecode.swift; path = HeaderCell.swift; sourceTree = "<group>"; };
		AF92FC211EB87AC000D611DB /* HeaderCell.xib */ = {isa = PBXFileReference; fileEncoding = 4; lastKnownFileType = file.xib; path = HeaderCell.xib; sourceTree = "<group>"; };
		AF92FC241EB87E3D00D611DB /* test.jpg */ = {isa = PBXFileReference; lastKnownFileType = image.jpeg; path = test.jpg; sourceTree = "<group>"; };
		AF92FC261EB8873100D611DB /* AboutCell.swift */ = {isa = PBXFileReference; fileEncoding = 4; lastKnownFileType = sourcecode.swift; path = AboutCell.swift; sourceTree = "<group>"; };
		AF92FC271EB8873100D611DB /* AboutCell.xib */ = {isa = PBXFileReference; fileEncoding = 4; lastKnownFileType = file.xib; path = AboutCell.xib; sourceTree = "<group>"; };
		AF92FC2B1EB88BFB00D611DB /* AddressCell.swift */ = {isa = PBXFileReference; fileEncoding = 4; lastKnownFileType = sourcecode.swift; path = AddressCell.swift; sourceTree = "<group>"; };
		AF92FC2C1EB88BFB00D611DB /* AddressCell.xib */ = {isa = PBXFileReference; fileEncoding = 4; lastKnownFileType = file.xib; path = AddressCell.xib; sourceTree = "<group>"; };
		AF92FC2F1EB891DC00D611DB /* PhoneCell.swift */ = {isa = PBXFileReference; fileEncoding = 4; lastKnownFileType = sourcecode.swift; path = PhoneCell.swift; sourceTree = "<group>"; };
		AF92FC301EB891DC00D611DB /* PhoneCell.xib */ = {isa = PBXFileReference; fileEncoding = 4; lastKnownFileType = file.xib; path = PhoneCell.xib; sourceTree = "<group>"; };
		AF92FC331EB895A000D611DB /* MinimumCell.swift */ = {isa = PBXFileReference; fileEncoding = 4; lastKnownFileType = sourcecode.swift; path = MinimumCell.swift; sourceTree = "<group>"; };
		AF92FC341EB895A000D611DB /* MinimumCell.xib */ = {isa = PBXFileReference; fileEncoding = 4; lastKnownFileType = file.xib; path = MinimumCell.xib; sourceTree = "<group>"; };
		AF92FC371EB89A5400D611DB /* HoursCell.swift */ = {isa = PBXFileReference; fileEncoding = 4; lastKnownFileType = sourcecode.swift; path = HoursCell.swift; sourceTree = "<group>"; };
		AF92FC381EB89A5400D611DB /* HoursCell.xib */ = {isa = PBXFileReference; fileEncoding = 4; lastKnownFileType = file.xib; path = HoursCell.xib; sourceTree = "<group>"; };
		AF92FC3B1EB89FBD00D611DB /* MenuCell.swift */ = {isa = PBXFileReference; fileEncoding = 4; lastKnownFileType = sourcecode.swift; path = MenuCell.swift; sourceTree = "<group>"; };
		AF92FC3C1EB89FBD00D611DB /* MenuCell.xib */ = {isa = PBXFileReference; fileEncoding = 4; lastKnownFileType = file.xib; path = MenuCell.xib; sourceTree = "<group>"; };
		AF92FC3F1EB8A16900D611DB /* TermsCell.swift */ = {isa = PBXFileReference; fileEncoding = 4; lastKnownFileType = sourcecode.swift; path = TermsCell.swift; sourceTree = "<group>"; };
		AF92FC401EB8A16900D611DB /* TermsCell.xib */ = {isa = PBXFileReference; fileEncoding = 4; lastKnownFileType = file.xib; path = TermsCell.xib; sourceTree = "<group>"; };
/* End PBXFileReference section */

/* Begin PBXFrameworksBuildPhase section */
		AF92FBF01EB6952400D611DB /* Frameworks */ = {
			isa = PBXFrameworksBuildPhase;
			buildActionMask = 2147483647;
			files = (
			);
			runOnlyForDeploymentPostprocessing = 0;
		};
/* End PBXFrameworksBuildPhase section */

/* Begin PBXGroup section */
		AF92FBEA1EB6952400D611DB = {
			isa = PBXGroup;
			children = (
				AF92FBF51EB6952400D611DB /* Omo Hub */,
				AF92FBF41EB6952400D611DB /* Products */,
			);
			sourceTree = "<group>";
		};
		AF92FBF41EB6952400D611DB /* Products */ = {
			isa = PBXGroup;
			children = (
				AF92FBF31EB6952400D611DB /* Omo Hub.app */,
			);
			name = Products;
			sourceTree = "<group>";
		};
		AF92FBF51EB6952400D611DB /* Omo Hub */ = {
			isa = PBXGroup;
			children = (
				AF92FBF61EB6952400D611DB /* AppDelegate.swift */,
				AF92FBFA1EB6952400D611DB /* Main.storyboard */,
				AF7CC3971EB941C500D2B3B5 /* ReservationInfoVC.swift */,
				AF92FC2A1EB88BD400D611DB /* Settings Cell */,
				AF92FC1E1EB879F600D611DB /* SettingsVC.swift */,
				AF92FC1B1EB7AFE500D611DB /* Reservation Cell */,
				AF92FC0F1EB69DA400D611DB /* MainVC.swift */,
				AF92FC1C1EB7C50D00D611DB /* MainRightVC.swift */,
				AF92FC0B1EB6957400D611DB /* SignInVC.swift */,
				AF92FC001EB6952400D611DB /* Assets.xcassets */,
				AF92FC0D1EB69C6E00D611DB /* kitchenhub.jpg */,
				AF92FC241EB87E3D00D611DB /* test.jpg */,
				AF92FC021EB6952400D611DB /* LaunchScreen.storyboard */,
				AF92FC051EB6952400D611DB /* Info.plist */,
				AF92FBFD1EB6952400D611DB /* Omo_Hub.xcdatamodeld */,
			);
			path = "Omo Hub";
			sourceTree = "<group>";
		};
		AF92FC1B1EB7AFE500D611DB /* Reservation Cell */ = {
			isa = PBXGroup;
			children = (
				AF92FC111EB6A60900D611DB /* ReservationsCell.swift */,
				AF92FC121EB6A60900D611DB /* ReservationsCell.xib */,
				AF92FC171EB7AFD100D611DB /* CustomCell.swift */,
				AF92FC181EB7AFD100D611DB /* CustomCell.xib */,
			);
			name = "Reservation Cell";
			sourceTree = "<group>";
		};
		AF92FC2A1EB88BD400D611DB /* Settings Cell */ = {
			isa = PBXGroup;
			children = (
				AF92FC201EB87AC000D611DB /* HeaderCell.swift */,
				AF92FC211EB87AC000D611DB /* HeaderCell.xib */,
				AF92FC261EB8873100D611DB /* AboutCell.swift */,
				AF92FC271EB8873100D611DB /* AboutCell.xib */,
				AF92FC2B1EB88BFB00D611DB /* AddressCell.swift */,
				AF92FC2C1EB88BFB00D611DB /* AddressCell.xib */,
				AF92FC2F1EB891DC00D611DB /* PhoneCell.swift */,
				AF92FC301EB891DC00D611DB /* PhoneCell.xib */,
				AF92FC331EB895A000D611DB /* MinimumCell.swift */,
				AF92FC341EB895A000D611DB /* MinimumCell.xib */,
				AF92FC371EB89A5400D611DB /* HoursCell.swift */,
				AF92FC381EB89A5400D611DB /* HoursCell.xib */,
				AF92FC3B1EB89FBD00D611DB /* MenuCell.swift */,
				AF92FC3C1EB89FBD00D611DB /* MenuCell.xib */,
				AF92FC3F1EB8A16900D611DB /* TermsCell.swift */,
				AF92FC401EB8A16900D611DB /* TermsCell.xib */,
			);
			name = "Settings Cell";
			sourceTree = "<group>";
		};
/* End PBXGroup section */

/* Begin PBXNativeTarget section */
		AF92FBF21EB6952400D611DB /* Omo Hub */ = {
			isa = PBXNativeTarget;
			buildConfigurationList = AF92FC081EB6952400D611DB /* Build configuration list for PBXNativeTarget "Omo Hub" */;
			buildPhases = (
				AF92FBEF1EB6952400D611DB /* Sources */,
				AF92FBF01EB6952400D611DB /* Frameworks */,
				AF92FBF11EB6952400D611DB /* Resources */,
			);
			buildRules = (
			);
			dependencies = (
			);
			name = "Omo Hub";
			productName = "Omo Hub";
			productReference = AF92FBF31EB6952400D611DB /* Omo Hub.app */;
			productType = "com.apple.product-type.application";
		};
/* End PBXNativeTarget section */

/* Begin PBXProject section */
		AF92FBEB1EB6952400D611DB /* Project object */ = {
			isa = PBXProject;
			attributes = {
				LastSwiftUpdateCheck = 0820;
				LastUpgradeCheck = 0820;
				ORGANIZATIONNAME = Appomo;
				TargetAttributes = {
					AF92FBF21EB6952400D611DB = {
						CreatedOnToolsVersion = 8.2.1;
						DevelopmentTeam = 769G37264R;
						ProvisioningStyle = Automatic;
					};
				};
			};
			buildConfigurationList = AF92FBEE1EB6952400D611DB /* Build configuration list for PBXProject "Omo Hub" */;
			compatibilityVersion = "Xcode 3.2";
			developmentRegion = English;
			hasScannedForEncodings = 0;
			knownRegions = (
				en,
				Base,
			);
			mainGroup = AF92FBEA1EB6952400D611DB;
			productRefGroup = AF92FBF41EB6952400D611DB /* Products */;
			projectDirPath = "";
			projectRoot = "";
			targets = (
				AF92FBF21EB6952400D611DB /* Omo Hub */,
			);
		};
/* End PBXProject section */

/* Begin PBXResourcesBuildPhase section */
		AF92FBF11EB6952400D611DB /* Resources */ = {
			isa = PBXResourcesBuildPhase;
			buildActionMask = 2147483647;
			files = (
				AF92FC1A1EB7AFD100D611DB /* CustomCell.xib in Resources */,
				AF92FC141EB6A60900D611DB /* ReservationsCell.xib in Resources */,
				AF92FC3E1EB89FBD00D611DB /* MenuCell.xib in Resources */,
				AF92FC231EB87AC000D611DB /* HeaderCell.xib in Resources */,
				AF92FC291EB8873100D611DB /* AboutCell.xib in Resources */,
				AF92FC361EB895A000D611DB /* MinimumCell.xib in Resources */,
				AF92FC321EB891DC00D611DB /* PhoneCell.xib in Resources */,
				AF92FC041EB6952400D611DB /* LaunchScreen.storyboard in Resources */,
				AF92FC011EB6952400D611DB /* Assets.xcassets in Resources */,
				AF92FC421EB8A16900D611DB /* TermsCell.xib in Resources */,
				AF92FC3A1EB89A5400D611DB /* HoursCell.xib in Resources */,
				AF92FC2E1EB88BFB00D611DB /* AddressCell.xib in Resources */,
				AF92FC0E1EB69C6E00D611DB /* kitchenhub.jpg in Resources */,
				AF92FBFC1EB6952400D611DB /* Main.storyboard in Resources */,
				AF92FC251EB87E3D00D611DB /* test.jpg in Resources */,
			);
			runOnlyForDeploymentPostprocessing = 0;
		};
/* End PBXResourcesBuildPhase section */

/* Begin PBXSourcesBuildPhase section */
		AF92FBEF1EB6952400D611DB /* Sources */ = {
			isa = PBXSourcesBuildPhase;
			buildActionMask = 2147483647;
			files = (
				AF7CC3981EB941C500D2B3B5 /* ReservationInfoVC.swift in Sources */,
				AF92FC2D1EB88BFB00D611DB /* AddressCell.swift in Sources */,
				AF92FBFF1EB6952400D611DB /* Omo_Hub.xcdatamodeld in Sources */,
				AF92FC131EB6A60900D611DB /* ReservationsCell.swift in Sources */,
				AF92FC101EB69DA400D611DB /* MainVC.swift in Sources */,
				AF92FC1D1EB7C50D00D611DB /* MainRightVC.swift in Sources */,
				AF92FC411EB8A16900D611DB /* TermsCell.swift in Sources */,
				AF92FC221EB87AC000D611DB /* HeaderCell.swift in Sources */,
				AF92FC351EB895A000D611DB /* MinimumCell.swift in Sources */,
				AF92FBF71EB6952400D611DB /* AppDelegate.swift in Sources */,
				AF92FC1F1EB879F600D611DB /* SettingsVC.swift in Sources */,
				AF92FC391EB89A5400D611DB /* HoursCell.swift in Sources */,
				AF92FC311EB891DC00D611DB /* PhoneCell.swift in Sources */,
				AF92FC3D1EB89FBD00D611DB /* MenuCell.swift in Sources */,
				AF92FC281EB8873100D611DB /* AboutCell.swift in Sources */,
				AF92FC191EB7AFD100D611DB /* CustomCell.swift in Sources */,
				AF92FC0C1EB6957400D611DB /* SignInVC.swift in Sources */,
			);
			runOnlyForDeploymentPostprocessing = 0;
		};
/* End PBXSourcesBuildPhase section */

/* Begin PBXVariantGroup section */
		AF92FBFA1EB6952400D611DB /* Main.storyboard */ = {
			isa = PBXVariantGroup;
			children = (
				AF92FBFB1EB6952400D611DB /* Base */,
			);
			name = Main.storyboard;
			sourceTree = "<group>";
		};
		AF92FC021EB6952400D611DB /* LaunchScreen.storyboard */ = {
			isa = PBXVariantGroup;
			children = (
				AF92FC031EB6952400D611DB /* Base */,
			);
			name = LaunchScreen.storyboard;
			sourceTree = "<group>";
		};
/* End PBXVariantGroup section */

/* Begin XCBuildConfiguration section */
		AF92FC061EB6952400D611DB /* Debug */ = {
			isa = XCBuildConfiguration;
			buildSettings = {
				ALWAYS_SEARCH_USER_PATHS = NO;
				CLANG_ANALYZER_NONNULL = YES;
				CLANG_CXX_LANGUAGE_STANDARD = "gnu++0x";
				CLANG_CXX_LIBRARY = "libc++";
				CLANG_ENABLE_MODULES = YES;
				CLANG_ENABLE_OBJC_ARC = YES;
				CLANG_WARN_BOOL_CONVERSION = YES;
				CLANG_WARN_CONSTANT_CONVERSION = YES;
				CLANG_WARN_DIRECT_OBJC_ISA_USAGE = YES_ERROR;
				CLANG_WARN_DOCUMENTATION_COMMENTS = YES;
				CLANG_WARN_EMPTY_BODY = YES;
				CLANG_WARN_ENUM_CONVERSION = YES;
				CLANG_WARN_INFINITE_RECURSION = YES;
				CLANG_WARN_INT_CONVERSION = YES;
				CLANG_WARN_OBJC_ROOT_CLASS = YES_ERROR;
				CLANG_WARN_SUSPICIOUS_MOVE = YES;
				CLANG_WARN_UNREACHABLE_CODE = YES;
				CLANG_WARN__DUPLICATE_METHOD_MATCH = YES;
				"CODE_SIGN_IDENTITY[sdk=iphoneos*]" = "iPhone Developer";
				COPY_PHASE_STRIP = NO;
				DEBUG_INFORMATION_FORMAT = dwarf;
				ENABLE_STRICT_OBJC_MSGSEND = YES;
				ENABLE_TESTABILITY = YES;
				GCC_C_LANGUAGE_STANDARD = gnu99;
				GCC_DYNAMIC_NO_PIC = NO;
				GCC_NO_COMMON_BLOCKS = YES;
				GCC_OPTIMIZATION_LEVEL = 0;
				GCC_PREPROCESSOR_DEFINITIONS = (
					"DEBUG=1",
					"$(inherited)",
				);
				GCC_WARN_64_TO_32_BIT_CONVERSION = YES;
				GCC_WARN_ABOUT_RETURN_TYPE = YES_ERROR;
				GCC_WARN_UNDECLARED_SELECTOR = YES;
				GCC_WARN_UNINITIALIZED_AUTOS = YES_AGGRESSIVE;
				GCC_WARN_UNUSED_FUNCTION = YES;
				GCC_WARN_UNUSED_VARIABLE = YES;
				IPHONEOS_DEPLOYMENT_TARGET = 10.2;
				MTL_ENABLE_DEBUG_INFO = YES;
				ONLY_ACTIVE_ARCH = YES;
				SDKROOT = iphoneos;
				SWIFT_ACTIVE_COMPILATION_CONDITIONS = DEBUG;
				SWIFT_OPTIMIZATION_LEVEL = "-Onone";
			};
			name = Debug;
		};
		AF92FC071EB6952400D611DB /* Release */ = {
			isa = XCBuildConfiguration;
			buildSettings = {
				ALWAYS_SEARCH_USER_PATHS = NO;
				CLANG_ANALYZER_NONNULL = YES;
				CLANG_CXX_LANGUAGE_STANDARD = "gnu++0x";
				CLANG_CXX_LIBRARY = "libc++";
				CLANG_ENABLE_MODULES = YES;
				CLANG_ENABLE_OBJC_ARC = YES;
				CLANG_WARN_BOOL_CONVERSION = YES;
				CLANG_WARN_CONSTANT_CONVERSION = YES;
				CLANG_WARN_DIRECT_OBJC_ISA_USAGE = YES_ERROR;
				CLANG_WARN_DOCUMENTATION_COMMENTS = YES;
				CLANG_WARN_EMPTY_BODY = YES;
				CLANG_WARN_ENUM_CONVERSION = YES;
				CLANG_WARN_INFINITE_RECURSION = YES;
				CLANG_WARN_INT_CONVERSION = YES;
				CLANG_WARN_OBJC_ROOT_CLASS = YES_ERROR;
				CLANG_WARN_SUSPICIOUS_MOVE = YES;
				CLANG_WARN_UNREACHABLE_CODE = YES;
				CLANG_WARN__DUPLICATE_METHOD_MATCH = YES;
				"CODE_SIGN_IDENTITY[sdk=iphoneos*]" = "iPhone Developer";
				COPY_PHASE_STRIP = NO;
				DEBUG_INFORMATION_FORMAT = "dwarf-with-dsym";
				ENABLE_NS_ASSERTIONS = NO;
				ENABLE_STRICT_OBJC_MSGSEND = YES;
				GCC_C_LANGUAGE_STANDARD = gnu99;
				GCC_NO_COMMON_BLOCKS = YES;
				GCC_WARN_64_TO_32_BIT_CONVERSION = YES;
				GCC_WARN_ABOUT_RETURN_TYPE = YES_ERROR;
				GCC_WARN_UNDECLARED_SELECTOR = YES;
				GCC_WARN_UNINITIALIZED_AUTOS = YES_AGGRESSIVE;
				GCC_WARN_UNUSED_FUNCTION = YES;
				GCC_WARN_UNUSED_VARIABLE = YES;
				IPHONEOS_DEPLOYMENT_TARGET = 10.2;
				MTL_ENABLE_DEBUG_INFO = NO;
				SDKROOT = iphoneos;
				SWIFT_OPTIMIZATION_LEVEL = "-Owholemodule";
				VALIDATE_PRODUCT = YES;
			};
			name = Release;
		};
		AF92FC091EB6952400D611DB /* Debug */ = {
			isa = XCBuildConfiguration;
			buildSettings = {
				ASSETCATALOG_COMPILER_APPICON_NAME = AppIcon;
				CODE_SIGN_IDENTITY = "iPhone Distribution";
				"CODE_SIGN_IDENTITY[sdk=iphoneos*]" = "iPhone Developer";
				DEVELOPMENT_TEAM = 769G37264R;
				INFOPLIST_FILE = "Omo Hub/Info.plist";
				IPHONEOS_DEPLOYMENT_TARGET = 10.0;
				LD_RUNPATH_SEARCH_PATHS = "$(inherited) @executable_path/Frameworks";
				PRODUCT_BUNDLE_IDENTIFIER = "com.appomo.Omo-Hub-Center";
				PRODUCT_NAME = "$(TARGET_NAME)";
				PROVISIONING_PROFILE_SPECIFIER = "";
				SWIFT_VERSION = 3.0;
			};
			name = Debug;
		};
		AF92FC0A1EB6952400D611DB /* Release */ = {
			isa = XCBuildConfiguration;
			buildSettings = {
				ASSETCATALOG_COMPILER_APPICON_NAME = AppIcon;
				CODE_SIGN_IDENTITY = "iPhone Distribution";
				"CODE_SIGN_IDENTITY[sdk=iphoneos*]" = "iPhone Developer";
				DEVELOPMENT_TEAM = 769G37264R;
				INFOPLIST_FILE = "Omo Hub/Info.plist";
				IPHONEOS_DEPLOYMENT_TARGET = 10.0;
				LD_RUNPATH_SEARCH_PATHS = "$(inherited) @executable_path/Frameworks";
				PRODUCT_BUNDLE_IDENTIFIER = "com.appomo.Omo-Hub-Center";
				PRODUCT_NAME = "$(TARGET_NAME)";
				PROVISIONING_PROFILE_SPECIFIER = "";
				SWIFT_VERSION = 3.0;
			};
			name = Release;
		};
/* End XCBuildConfiguration section */

/* Begin XCConfigurationList section */
		AF92FBEE1EB6952400D611DB /* Build configuration list for PBXProject "Omo Hub" */ = {
			isa = XCConfigurationList;
			buildConfigurations = (
				AF92FC061EB6952400D611DB /* Debug */,
				AF92FC071EB6952400D611DB /* Release */,
			);
			defaultConfigurationIsVisible = 0;
			defaultConfigurationName = Release;
		};
		AF92FC081EB6952400D611DB /* Build configuration list for PBXNativeTarget "Omo Hub" */ = {
			isa = XCConfigurationList;
			buildConfigurations = (
				AF92FC091EB6952400D611DB /* Debug */,
				AF92FC0A1EB6952400D611DB /* Release */,
			);
			defaultConfigurationIsVisible = 0;
			defaultConfigurationName = Release;
		};
/* End XCConfigurationList section */

/* Begin XCVersionGroup section */
		AF92FBFD1EB6952400D611DB /* Omo_Hub.xcdatamodeld */ = {
			isa = XCVersionGroup;
			children = (
				AF92FBFE1EB6952400D611DB /* Omo_Hub.xcdatamodel */,
			);
			currentVersion = AF92FBFE1EB6952400D611DB /* Omo_Hub.xcdatamodel */;
			path = Omo_Hub.xcdatamodeld;
			sourceTree = "<group>";
			versionGroupType = wrapper.xcdatamodel;
		};
/* End XCVersionGroup section */
	};
	rootObject = AF92FBEB1EB6952400D611DB /* Project object */;
}
